// !$*UTF8*$!
{
	archiveVersion = 1;
	classes = {
	};
	objectVersion = 51;
	objects = {

/* Begin PBXBuildFile section */
		09B2352116C56880E426407D /* Pods_fbu_instagramUITests.framework in Frameworks */ = {isa = PBXBuildFile; fileRef = 937F7AE096AFA4D175F7284B /* Pods_fbu_instagramUITests.framework */; };
		1179DCAF22D6A709004C277E /* Post.m in Sources */ = {isa = PBXBuildFile; fileRef = 1179DCAE22D6A709004C277E /* Post.m */; };
		1179DCB322D6A80B004C277E /* PostCell.m in Sources */ = {isa = PBXBuildFile; fileRef = 1179DCB222D6A80B004C277E /* PostCell.m */; };
		1179DCC122D7AB5F004C277E /* FreigSanProMedIt.otf in Resources */ = {isa = PBXBuildFile; fileRef = 1179DCB522D7AB5F004C277E /* FreigSanProMedIt.otf */; };
		1179DCC222D7AB5F004C277E /* FreigSanProBold.otf in Resources */ = {isa = PBXBuildFile; fileRef = 1179DCB622D7AB5F004C277E /* FreigSanProBold.otf */; };
		1179DCC322D7AB5F004C277E /* FreigSanProSem.otf in Resources */ = {isa = PBXBuildFile; fileRef = 1179DCB722D7AB5F004C277E /* FreigSanProSem.otf */; };
		1179DCC422D7AB5F004C277E /* FreigSanProBlk.otf in Resources */ = {isa = PBXBuildFile; fileRef = 1179DCB822D7AB5F004C277E /* FreigSanProBlk.otf */; };
		1179DCC522D7AB5F004C277E /* FreigSanProLigIt.otf in Resources */ = {isa = PBXBuildFile; fileRef = 1179DCB922D7AB5F004C277E /* FreigSanProLigIt.otf */; };
		1179DCC622D7AB5F004C277E /* FreigSanProSemIt.otf in Resources */ = {isa = PBXBuildFile; fileRef = 1179DCBA22D7AB5F004C277E /* FreigSanProSemIt.otf */; };
		1179DCC722D7AB5F004C277E /* FreigSanProMed.otf in Resources */ = {isa = PBXBuildFile; fileRef = 1179DCBB22D7AB5F004C277E /* FreigSanProMed.otf */; };
		1179DCC822D7AB5F004C277E /* FreigSanProBook.otf in Resources */ = {isa = PBXBuildFile; fileRef = 1179DCBC22D7AB5F004C277E /* FreigSanProBook.otf */; };
		1179DCC922D7AB5F004C277E /* FreigSanProBoldIt.otf in Resources */ = {isa = PBXBuildFile; fileRef = 1179DCBD22D7AB5F004C277E /* FreigSanProBoldIt.otf */; };
		1179DCCA22D7AB5F004C277E /* FreigSanProBookIt.otf in Resources */ = {isa = PBXBuildFile; fileRef = 1179DCBE22D7AB5F004C277E /* FreigSanProBookIt.otf */; };
		1179DCCB22D7AB5F004C277E /* FreigSanProBlkIt.otf in Resources */ = {isa = PBXBuildFile; fileRef = 1179DCBF22D7AB5F004C277E /* FreigSanProBlkIt.otf */; };
		1179DCCC22D7AB5F004C277E /* FreigSanProLig.otf in Resources */ = {isa = PBXBuildFile; fileRef = 1179DCC022D7AB5F004C277E /* FreigSanProLig.otf */; };
		11B7990E22D7BBF7000B5E57 /* DetailsViewController.m in Sources */ = {isa = PBXBuildFile; fileRef = 11B7990D22D7BBF7000B5E57 /* DetailsViewController.m */; };
		11B7990F22D7DF07000B5E57 /* Billabong.ttf in Resources */ = {isa = PBXBuildFile; fileRef = 1129065F22D7B35200C77418 /* Billabong.ttf */; };
		11B7991222D7E5C6000B5E57 /* ProfileViewController.m in Sources */ = {isa = PBXBuildFile; fileRef = 11B7991122D7E5C6000B5E57 /* ProfileViewController.m */; };
		11B7991522D7E7C0000B5E57 /* PostCollectionCell.m in Sources */ = {isa = PBXBuildFile; fileRef = 11B7991422D7E7C0000B5E57 /* PostCollectionCell.m */; };
		11B7991822D80F71000B5E57 /* ChangeProfilePicViewController.m in Sources */ = {isa = PBXBuildFile; fileRef = 11B7991722D80F71000B5E57 /* ChangeProfilePicViewController.m */; };
		11F221AE22D3FB2E00F17E95 /* AppDelegate.m in Sources */ = {isa = PBXBuildFile; fileRef = 11F221AD22D3FB2E00F17E95 /* AppDelegate.m */; };
		11F221B422D3FB2E00F17E95 /* Main.storyboard in Resources */ = {isa = PBXBuildFile; fileRef = 11F221B222D3FB2E00F17E95 /* Main.storyboard */; };
		11F221B622D3FB2F00F17E95 /* Assets.xcassets in Resources */ = {isa = PBXBuildFile; fileRef = 11F221B522D3FB2F00F17E95 /* Assets.xcassets */; };
		11F221B922D3FB2F00F17E95 /* LaunchScreen.storyboard in Resources */ = {isa = PBXBuildFile; fileRef = 11F221B722D3FB2F00F17E95 /* LaunchScreen.storyboard */; };
		11F221BC22D3FB2F00F17E95 /* main.m in Sources */ = {isa = PBXBuildFile; fileRef = 11F221BB22D3FB2F00F17E95 /* main.m */; };
		11F221C622D3FB2F00F17E95 /* fbu_instagramTests.m in Sources */ = {isa = PBXBuildFile; fileRef = 11F221C522D3FB2F00F17E95 /* fbu_instagramTests.m */; };
		11F221D122D3FB2F00F17E95 /* fbu_instagramUITests.m in Sources */ = {isa = PBXBuildFile; fileRef = 11F221D022D3FB2F00F17E95 /* fbu_instagramUITests.m */; };
		11F221E022D40DFF00F17E95 /* LoginViewController.m in Sources */ = {isa = PBXBuildFile; fileRef = 11F221DF22D40DFF00F17E95 /* LoginViewController.m */; };
		11F221E522D4132700F17E95 /* HomeViewController.m in Sources */ = {isa = PBXBuildFile; fileRef = 11F221E422D4132700F17E95 /* HomeViewController.m */; };
		11F221E822D4187300F17E95 /* RegisterViewController.m in Sources */ = {isa = PBXBuildFile; fileRef = 11F221E722D4187300F17E95 /* RegisterViewController.m */; };
		11F221EB22D55E5800F17E95 /* CaptureViewController.m in Sources */ = {isa = PBXBuildFile; fileRef = 11F221EA22D55E5800F17E95 /* CaptureViewController.m */; };
		15581358B3DDD5243C97A970 /* Pods_fbu_instagram.framework in Frameworks */ = {isa = PBXBuildFile; fileRef = 6B95507FE70C3A71F34AB365 /* Pods_fbu_instagram.framework */; };
		5FCC504F1B4FDA9C980D1F0E /* Pods_fbu_instagramTests.framework in Frameworks */ = {isa = PBXBuildFile; fileRef = 1E6F3C7B502AF39E3CE629F7 /* Pods_fbu_instagramTests.framework */; };
/* End PBXBuildFile section */

/* Begin PBXContainerItemProxy section */
		11F221C222D3FB2F00F17E95 /* PBXContainerItemProxy */ = {
			isa = PBXContainerItemProxy;
			containerPortal = 11F221A122D3FB2E00F17E95 /* Project object */;
			proxyType = 1;
			remoteGlobalIDString = 11F221A822D3FB2E00F17E95;
			remoteInfo = "fbu-instagram";
		};
		11F221CD22D3FB2F00F17E95 /* PBXContainerItemProxy */ = {
			isa = PBXContainerItemProxy;
			containerPortal = 11F221A122D3FB2E00F17E95 /* Project object */;
			proxyType = 1;
			remoteGlobalIDString = 11F221A822D3FB2E00F17E95;
			remoteInfo = "fbu-instagram";
		};
/* End PBXContainerItemProxy section */

/* Begin PBXFileReference section */
		1129065F22D7B35200C77418 /* Billabong.ttf */ = {isa = PBXFileReference; lastKnownFileType = file; name = Billabong.ttf; path = ../../../../Library/Fonts/Billabong.ttf; sourceTree = "<group>"; };
		1179DCAD22D6A709004C277E /* Post.h */ = {isa = PBXFileReference; lastKnownFileType = sourcecode.c.h; path = Post.h; sourceTree = "<group>"; };
		1179DCAE22D6A709004C277E /* Post.m */ = {isa = PBXFileReference; lastKnownFileType = sourcecode.c.objc; path = Post.m; sourceTree = "<group>"; };
		1179DCB122D6A80B004C277E /* PostCell.h */ = {isa = PBXFileReference; lastKnownFileType = sourcecode.c.h; path = PostCell.h; sourceTree = "<group>"; };
		1179DCB222D6A80B004C277E /* PostCell.m */ = {isa = PBXFileReference; lastKnownFileType = sourcecode.c.objc; path = PostCell.m; sourceTree = "<group>"; };
		1179DCB522D7AB5F004C277E /* FreigSanProMedIt.otf */ = {isa = PBXFileReference; lastKnownFileType = file; name = FreigSanProMedIt.otf; path = ../../../../../../Library/Fonts/FreigSanProMedIt.otf; sourceTree = "<group>"; };
		1179DCB622D7AB5F004C277E /* FreigSanProBold.otf */ = {isa = PBXFileReference; lastKnownFileType = file; name = FreigSanProBold.otf; path = ../../../../../../Library/Fonts/FreigSanProBold.otf; sourceTree = "<group>"; };
		1179DCB722D7AB5F004C277E /* FreigSanProSem.otf */ = {isa = PBXFileReference; lastKnownFileType = file; name = FreigSanProSem.otf; path = ../../../../../../Library/Fonts/FreigSanProSem.otf; sourceTree = "<group>"; };
		1179DCB822D7AB5F004C277E /* FreigSanProBlk.otf */ = {isa = PBXFileReference; lastKnownFileType = file; name = FreigSanProBlk.otf; path = ../../../../../../Library/Fonts/FreigSanProBlk.otf; sourceTree = "<group>"; };
		1179DCB922D7AB5F004C277E /* FreigSanProLigIt.otf */ = {isa = PBXFileReference; lastKnownFileType = file; name = FreigSanProLigIt.otf; path = ../../../../../../Library/Fonts/FreigSanProLigIt.otf; sourceTree = "<group>"; };
		1179DCBA22D7AB5F004C277E /* FreigSanProSemIt.otf */ = {isa = PBXFileReference; lastKnownFileType = file; name = FreigSanProSemIt.otf; path = ../../../../../../Library/Fonts/FreigSanProSemIt.otf; sourceTree = "<group>"; };
		1179DCBB22D7AB5F004C277E /* FreigSanProMed.otf */ = {isa = PBXFileReference; lastKnownFileType = file; name = FreigSanProMed.otf; path = ../../../../../../Library/Fonts/FreigSanProMed.otf; sourceTree = "<group>"; };
		1179DCBC22D7AB5F004C277E /* FreigSanProBook.otf */ = {isa = PBXFileReference; lastKnownFileType = file; name = FreigSanProBook.otf; path = ../../../../../../Library/Fonts/FreigSanProBook.otf; sourceTree = "<group>"; };
		1179DCBD22D7AB5F004C277E /* FreigSanProBoldIt.otf */ = {isa = PBXFileReference; lastKnownFileType = file; name = FreigSanProBoldIt.otf; path = ../../../../../../Library/Fonts/FreigSanProBoldIt.otf; sourceTree = "<group>"; };
		1179DCBE22D7AB5F004C277E /* FreigSanProBookIt.otf */ = {isa = PBXFileReference; lastKnownFileType = file; name = FreigSanProBookIt.otf; path = ../../../../../../Library/Fonts/FreigSanProBookIt.otf; sourceTree = "<group>"; };
		1179DCBF22D7AB5F004C277E /* FreigSanProBlkIt.otf */ = {isa = PBXFileReference; lastKnownFileType = file; name = FreigSanProBlkIt.otf; path = ../../../../../../Library/Fonts/FreigSanProBlkIt.otf; sourceTree = "<group>"; };
		1179DCC022D7AB5F004C277E /* FreigSanProLig.otf */ = {isa = PBXFileReference; lastKnownFileType = file; name = FreigSanProLig.otf; path = ../../../../../../Library/Fonts/FreigSanProLig.otf; sourceTree = "<group>"; };
		11B7990C22D7BBF7000B5E57 /* DetailsViewController.h */ = {isa = PBXFileReference; lastKnownFileType = sourcecode.c.h; path = DetailsViewController.h; sourceTree = "<group>"; };
		11B7990D22D7BBF7000B5E57 /* DetailsViewController.m */ = {isa = PBXFileReference; lastKnownFileType = sourcecode.c.objc; path = DetailsViewController.m; sourceTree = "<group>"; };
		11B7991022D7E5C6000B5E57 /* ProfileViewController.h */ = {isa = PBXFileReference; lastKnownFileType = sourcecode.c.h; path = ProfileViewController.h; sourceTree = "<group>"; };
		11B7991122D7E5C6000B5E57 /* ProfileViewController.m */ = {isa = PBXFileReference; lastKnownFileType = sourcecode.c.objc; path = ProfileViewController.m; sourceTree = "<group>"; };
		11B7991322D7E7C0000B5E57 /* PostCollectionCell.h */ = {isa = PBXFileReference; lastKnownFileType = sourcecode.c.h; path = PostCollectionCell.h; sourceTree = "<group>"; };
		11B7991422D7E7C0000B5E57 /* PostCollectionCell.m */ = {isa = PBXFileReference; lastKnownFileType = sourcecode.c.objc; path = PostCollectionCell.m; sourceTree = "<group>"; };
		11B7991622D80F71000B5E57 /* ChangeProfilePicViewController.h */ = {isa = PBXFileReference; lastKnownFileType = sourcecode.c.h; path = ChangeProfilePicViewController.h; sourceTree = "<group>"; };
		11B7991722D80F71000B5E57 /* ChangeProfilePicViewController.m */ = {isa = PBXFileReference; lastKnownFileType = sourcecode.c.objc; path = ChangeProfilePicViewController.m; sourceTree = "<group>"; };
		11F221A922D3FB2E00F17E95 /* fbu-instagram.app */ = {isa = PBXFileReference; explicitFileType = wrapper.application; includeInIndex = 0; path = "fbu-instagram.app"; sourceTree = BUILT_PRODUCTS_DIR; };
		11F221AC22D3FB2E00F17E95 /* AppDelegate.h */ = {isa = PBXFileReference; lastKnownFileType = sourcecode.c.h; path = AppDelegate.h; sourceTree = "<group>"; };
		11F221AD22D3FB2E00F17E95 /* AppDelegate.m */ = {isa = PBXFileReference; lastKnownFileType = sourcecode.c.objc; path = AppDelegate.m; sourceTree = "<group>"; };
		11F221B322D3FB2E00F17E95 /* Base */ = {isa = PBXFileReference; lastKnownFileType = file.storyboard; name = Base; path = Base.lproj/Main.storyboard; sourceTree = "<group>"; };
		11F221B522D3FB2F00F17E95 /* Assets.xcassets */ = {isa = PBXFileReference; lastKnownFileType = folder.assetcatalog; path = Assets.xcassets; sourceTree = "<group>"; };
		11F221B822D3FB2F00F17E95 /* Base */ = {isa = PBXFileReference; lastKnownFileType = file.storyboard; name = Base; path = Base.lproj/LaunchScreen.storyboard; sourceTree = "<group>"; };
		11F221BA22D3FB2F00F17E95 /* Info.plist */ = {isa = PBXFileReference; lastKnownFileType = text.plist.xml; path = Info.plist; sourceTree = "<group>"; };
		11F221BB22D3FB2F00F17E95 /* main.m */ = {isa = PBXFileReference; lastKnownFileType = sourcecode.c.objc; path = main.m; sourceTree = "<group>"; };
		11F221C122D3FB2F00F17E95 /* fbu-instagramTests.xctest */ = {isa = PBXFileReference; explicitFileType = wrapper.cfbundle; includeInIndex = 0; path = "fbu-instagramTests.xctest"; sourceTree = BUILT_PRODUCTS_DIR; };
		11F221C522D3FB2F00F17E95 /* fbu_instagramTests.m */ = {isa = PBXFileReference; lastKnownFileType = sourcecode.c.objc; path = fbu_instagramTests.m; sourceTree = "<group>"; };
		11F221C722D3FB2F00F17E95 /* Info.plist */ = {isa = PBXFileReference; lastKnownFileType = text.plist.xml; path = Info.plist; sourceTree = "<group>"; };
		11F221CC22D3FB2F00F17E95 /* fbu-instagramUITests.xctest */ = {isa = PBXFileReference; explicitFileType = wrapper.cfbundle; includeInIndex = 0; path = "fbu-instagramUITests.xctest"; sourceTree = BUILT_PRODUCTS_DIR; };
		11F221D022D3FB2F00F17E95 /* fbu_instagramUITests.m */ = {isa = PBXFileReference; lastKnownFileType = sourcecode.c.objc; path = fbu_instagramUITests.m; sourceTree = "<group>"; };
		11F221D222D3FB2F00F17E95 /* Info.plist */ = {isa = PBXFileReference; lastKnownFileType = text.plist.xml; path = Info.plist; sourceTree = "<group>"; };
		11F221DE22D40DFF00F17E95 /* LoginViewController.h */ = {isa = PBXFileReference; lastKnownFileType = sourcecode.c.h; path = LoginViewController.h; sourceTree = "<group>"; };
		11F221DF22D40DFF00F17E95 /* LoginViewController.m */ = {isa = PBXFileReference; lastKnownFileType = sourcecode.c.objc; path = LoginViewController.m; sourceTree = "<group>"; };
		11F221E322D4132700F17E95 /* HomeViewController.h */ = {isa = PBXFileReference; lastKnownFileType = sourcecode.c.h; path = HomeViewController.h; sourceTree = "<group>"; };
		11F221E422D4132700F17E95 /* HomeViewController.m */ = {isa = PBXFileReference; lastKnownFileType = sourcecode.c.objc; path = HomeViewController.m; sourceTree = "<group>"; };
		11F221E622D4187300F17E95 /* RegisterViewController.h */ = {isa = PBXFileReference; lastKnownFileType = sourcecode.c.h; path = RegisterViewController.h; sourceTree = "<group>"; };
		11F221E722D4187300F17E95 /* RegisterViewController.m */ = {isa = PBXFileReference; lastKnownFileType = sourcecode.c.objc; path = RegisterViewController.m; sourceTree = "<group>"; };
		11F221E922D55E5800F17E95 /* CaptureViewController.h */ = {isa = PBXFileReference; lastKnownFileType = sourcecode.c.h; path = CaptureViewController.h; sourceTree = "<group>"; };
		11F221EA22D55E5800F17E95 /* CaptureViewController.m */ = {isa = PBXFileReference; lastKnownFileType = sourcecode.c.objc; path = CaptureViewController.m; sourceTree = "<group>"; };
		1E6F3C7B502AF39E3CE629F7 /* Pods_fbu_instagramTests.framework */ = {isa = PBXFileReference; explicitFileType = wrapper.framework; includeInIndex = 0; path = Pods_fbu_instagramTests.framework; sourceTree = BUILT_PRODUCTS_DIR; };
		2D97A11F10A8CF193E6B5F20 /* Pods-fbu-instagramUITests.release.xcconfig */ = {isa = PBXFileReference; includeInIndex = 1; lastKnownFileType = text.xcconfig; name = "Pods-fbu-instagramUITests.release.xcconfig"; path = "Target Support Files/Pods-fbu-instagramUITests/Pods-fbu-instagramUITests.release.xcconfig"; sourceTree = "<group>"; };
		6B95507FE70C3A71F34AB365 /* Pods_fbu_instagram.framework */ = {isa = PBXFileReference; explicitFileType = wrapper.framework; includeInIndex = 0; path = Pods_fbu_instagram.framework; sourceTree = BUILT_PRODUCTS_DIR; };
		8442D36C1966ACDD23A24280 /* Pods-fbu-instagramTests.debug.xcconfig */ = {isa = PBXFileReference; includeInIndex = 1; lastKnownFileType = text.xcconfig; name = "Pods-fbu-instagramTests.debug.xcconfig"; path = "Target Support Files/Pods-fbu-instagramTests/Pods-fbu-instagramTests.debug.xcconfig"; sourceTree = "<group>"; };
		937F7AE096AFA4D175F7284B /* Pods_fbu_instagramUITests.framework */ = {isa = PBXFileReference; explicitFileType = wrapper.framework; includeInIndex = 0; path = Pods_fbu_instagramUITests.framework; sourceTree = BUILT_PRODUCTS_DIR; };
		AA2C2586DAAFDFBEA6F6EB53 /* Pods-fbu-instagram.release.xcconfig */ = {isa = PBXFileReference; includeInIndex = 1; lastKnownFileType = text.xcconfig; name = "Pods-fbu-instagram.release.xcconfig"; path = "Target Support Files/Pods-fbu-instagram/Pods-fbu-instagram.release.xcconfig"; sourceTree = "<group>"; };
		ADFEE6583633593815A60516 /* Pods-fbu-instagramTests.release.xcconfig */ = {isa = PBXFileReference; includeInIndex = 1; lastKnownFileType = text.xcconfig; name = "Pods-fbu-instagramTests.release.xcconfig"; path = "Target Support Files/Pods-fbu-instagramTests/Pods-fbu-instagramTests.release.xcconfig"; sourceTree = "<group>"; };
		E80FAD0F1BD4ACD5E605F011 /* Pods-fbu-instagram.debug.xcconfig */ = {isa = PBXFileReference; includeInIndex = 1; lastKnownFileType = text.xcconfig; name = "Pods-fbu-instagram.debug.xcconfig"; path = "Target Support Files/Pods-fbu-instagram/Pods-fbu-instagram.debug.xcconfig"; sourceTree = "<group>"; };
		FA628ADF7FA385B1DC83C30E /* Pods-fbu-instagramUITests.debug.xcconfig */ = {isa = PBXFileReference; includeInIndex = 1; lastKnownFileType = text.xcconfig; name = "Pods-fbu-instagramUITests.debug.xcconfig"; path = "Target Support Files/Pods-fbu-instagramUITests/Pods-fbu-instagramUITests.debug.xcconfig"; sourceTree = "<group>"; };
/* End PBXFileReference section */

/* Begin PBXFrameworksBuildPhase section */
		11F221A622D3FB2E00F17E95 /* Frameworks */ = {
			isa = PBXFrameworksBuildPhase;
			buildActionMask = 2147483647;
			files = (
				15581358B3DDD5243C97A970 /* Pods_fbu_instagram.framework in Frameworks */,
			);
			runOnlyForDeploymentPostprocessing = 0;
		};
		11F221BE22D3FB2F00F17E95 /* Frameworks */ = {
			isa = PBXFrameworksBuildPhase;
			buildActionMask = 2147483647;
			files = (
				5FCC504F1B4FDA9C980D1F0E /* Pods_fbu_instagramTests.framework in Frameworks */,
			);
			runOnlyForDeploymentPostprocessing = 0;
		};
		11F221C922D3FB2F00F17E95 /* Frameworks */ = {
			isa = PBXFrameworksBuildPhase;
			buildActionMask = 2147483647;
			files = (
				09B2352116C56880E426407D /* Pods_fbu_instagramUITests.framework in Frameworks */,
			);
			runOnlyForDeploymentPostprocessing = 0;
		};
/* End PBXFrameworksBuildPhase section */

/* Begin PBXGroup section */
		1179DCB022D6A7E2004C277E /* Models */ = {
			isa = PBXGroup;
			children = (
				1179DCAD22D6A709004C277E /* Post.h */,
				1179DCAE22D6A709004C277E /* Post.m */,
				1179DCB122D6A80B004C277E /* PostCell.h */,
				1179DCB222D6A80B004C277E /* PostCell.m */,
				11B7991322D7E7C0000B5E57 /* PostCollectionCell.h */,
				11B7991422D7E7C0000B5E57 /* PostCollectionCell.m */,
			);
			path = Models;
			sourceTree = "<group>";
		};
		1179DCB422D7AB39004C277E /* Fonts */ = {
			isa = PBXGroup;
			children = (
				1129065F22D7B35200C77418 /* Billabong.ttf */,
				1179DCB822D7AB5F004C277E /* FreigSanProBlk.otf */,
				1179DCBF22D7AB5F004C277E /* FreigSanProBlkIt.otf */,
				1179DCB622D7AB5F004C277E /* FreigSanProBold.otf */,
				1179DCBD22D7AB5F004C277E /* FreigSanProBoldIt.otf */,
				1179DCBC22D7AB5F004C277E /* FreigSanProBook.otf */,
				1179DCBE22D7AB5F004C277E /* FreigSanProBookIt.otf */,
				1179DCC022D7AB5F004C277E /* FreigSanProLig.otf */,
				1179DCB922D7AB5F004C277E /* FreigSanProLigIt.otf */,
				1179DCBB22D7AB5F004C277E /* FreigSanProMed.otf */,
				1179DCB522D7AB5F004C277E /* FreigSanProMedIt.otf */,
				1179DCB722D7AB5F004C277E /* FreigSanProSem.otf */,
				1179DCBA22D7AB5F004C277E /* FreigSanProSemIt.otf */,
			);
			path = Fonts;
			sourceTree = "<group>";
		};
		11F221A022D3FB2E00F17E95 = {
			isa = PBXGroup;
			children = (
				11F221AB22D3FB2E00F17E95 /* fbu-instagram */,
				11F221C422D3FB2F00F17E95 /* fbu-instagramTests */,
				11F221CF22D3FB2F00F17E95 /* fbu-instagramUITests */,
				11F221AA22D3FB2E00F17E95 /* Products */,
				8ECEB917EE3A9D982E78F95D /* Pods */,
				5FA463BBEB476EAA087AEB44 /* Frameworks */,
			);
			sourceTree = "<group>";
		};
		11F221AA22D3FB2E00F17E95 /* Products */ = {
			isa = PBXGroup;
			children = (
				11F221A922D3FB2E00F17E95 /* fbu-instagram.app */,
				11F221C122D3FB2F00F17E95 /* fbu-instagramTests.xctest */,
				11F221CC22D3FB2F00F17E95 /* fbu-instagramUITests.xctest */,
			);
			name = Products;
			sourceTree = "<group>";
		};
		11F221AB22D3FB2E00F17E95 /* fbu-instagram */ = {
			isa = PBXGroup;
			children = (
				1179DCB422D7AB39004C277E /* Fonts */,
				1179DCB022D6A7E2004C277E /* Models */,
				11F221E222D40E3100F17E95 /* View Controllers */,
				11F221AC22D3FB2E00F17E95 /* AppDelegate.h */,
				11F221AD22D3FB2E00F17E95 /* AppDelegate.m */,
				11F221B222D3FB2E00F17E95 /* Main.storyboard */,
				11F221B522D3FB2F00F17E95 /* Assets.xcassets */,
				11F221B722D3FB2F00F17E95 /* LaunchScreen.storyboard */,
				11F221BA22D3FB2F00F17E95 /* Info.plist */,
				11F221BB22D3FB2F00F17E95 /* main.m */,
			);
			path = "fbu-instagram";
			sourceTree = "<group>";
		};
		11F221C422D3FB2F00F17E95 /* fbu-instagramTests */ = {
			isa = PBXGroup;
			children = (
				11F221C522D3FB2F00F17E95 /* fbu_instagramTests.m */,
				11F221C722D3FB2F00F17E95 /* Info.plist */,
			);
			path = "fbu-instagramTests";
			sourceTree = "<group>";
		};
		11F221CF22D3FB2F00F17E95 /* fbu-instagramUITests */ = {
			isa = PBXGroup;
			children = (
				11F221D022D3FB2F00F17E95 /* fbu_instagramUITests.m */,
				11F221D222D3FB2F00F17E95 /* Info.plist */,
			);
			path = "fbu-instagramUITests";
			sourceTree = "<group>";
		};
		11F221E222D40E3100F17E95 /* View Controllers */ = {
			isa = PBXGroup;
			children = (
				11F221E922D55E5800F17E95 /* CaptureViewController.h */,
				11F221EA22D55E5800F17E95 /* CaptureViewController.m */,
				11F221E622D4187300F17E95 /* RegisterViewController.h */,
				11F221E722D4187300F17E95 /* RegisterViewController.m */,
				11F221E322D4132700F17E95 /* HomeViewController.h */,
				11F221E422D4132700F17E95 /* HomeViewController.m */,
				11F221DE22D40DFF00F17E95 /* LoginViewController.h */,
				11F221DF22D40DFF00F17E95 /* LoginViewController.m */,
				11B7990C22D7BBF7000B5E57 /* DetailsViewController.h */,
				11B7990D22D7BBF7000B5E57 /* DetailsViewController.m */,
				11B7991022D7E5C6000B5E57 /* ProfileViewController.h */,
				11B7991122D7E5C6000B5E57 /* ProfileViewController.m */,
				11B7991622D80F71000B5E57 /* ChangeProfilePicViewController.h */,
				11B7991722D80F71000B5E57 /* ChangeProfilePicViewController.m */,
			);
			path = "View Controllers";
			sourceTree = "<group>";
		};
		5FA463BBEB476EAA087AEB44 /* Frameworks */ = {
			isa = PBXGroup;
			children = (
				6B95507FE70C3A71F34AB365 /* Pods_fbu_instagram.framework */,
				1E6F3C7B502AF39E3CE629F7 /* Pods_fbu_instagramTests.framework */,
				937F7AE096AFA4D175F7284B /* Pods_fbu_instagramUITests.framework */,
			);
			name = Frameworks;
			sourceTree = "<group>";
		};
		8ECEB917EE3A9D982E78F95D /* Pods */ = {
			isa = PBXGroup;
			children = (
				E80FAD0F1BD4ACD5E605F011 /* Pods-fbu-instagram.debug.xcconfig */,
				AA2C2586DAAFDFBEA6F6EB53 /* Pods-fbu-instagram.release.xcconfig */,
				8442D36C1966ACDD23A24280 /* Pods-fbu-instagramTests.debug.xcconfig */,
				ADFEE6583633593815A60516 /* Pods-fbu-instagramTests.release.xcconfig */,
				FA628ADF7FA385B1DC83C30E /* Pods-fbu-instagramUITests.debug.xcconfig */,
				2D97A11F10A8CF193E6B5F20 /* Pods-fbu-instagramUITests.release.xcconfig */,
			);
			path = Pods;
			sourceTree = "<group>";
		};
/* End PBXGroup section */

/* Begin PBXNativeTarget section */
		11F221A822D3FB2E00F17E95 /* fbu-instagram */ = {
			isa = PBXNativeTarget;
			buildConfigurationList = 11F221D522D3FB2F00F17E95 /* Build configuration list for PBXNativeTarget "fbu-instagram" */;
			buildPhases = (
				3A34629BD6839A3AE999C05C /* [CP] Check Pods Manifest.lock */,
				11F221A522D3FB2E00F17E95 /* Sources */,
				11F221A622D3FB2E00F17E95 /* Frameworks */,
				11F221A722D3FB2E00F17E95 /* Resources */,
				FAC20057F648A61DF3D29C5C /* [CP] Embed Pods Frameworks */,
			);
			buildRules = (
			);
			dependencies = (
			);
			name = "fbu-instagram";
			productName = "fbu-instagram";
			productReference = 11F221A922D3FB2E00F17E95 /* fbu-instagram.app */;
			productType = "com.apple.product-type.application";
		};
		11F221C022D3FB2F00F17E95 /* fbu-instagramTests */ = {
			isa = PBXNativeTarget;
			buildConfigurationList = 11F221D822D3FB2F00F17E95 /* Build configuration list for PBXNativeTarget "fbu-instagramTests" */;
			buildPhases = (
				49F09BD9B4F0F7A86D1E7842 /* [CP] Check Pods Manifest.lock */,
				11F221BD22D3FB2F00F17E95 /* Sources */,
				11F221BE22D3FB2F00F17E95 /* Frameworks */,
				11F221BF22D3FB2F00F17E95 /* Resources */,
			);
			buildRules = (
			);
			dependencies = (
				11F221C322D3FB2F00F17E95 /* PBXTargetDependency */,
			);
			name = "fbu-instagramTests";
			productName = "fbu-instagramTests";
			productReference = 11F221C122D3FB2F00F17E95 /* fbu-instagramTests.xctest */;
			productType = "com.apple.product-type.bundle.unit-test";
		};
		11F221CB22D3FB2F00F17E95 /* fbu-instagramUITests */ = {
			isa = PBXNativeTarget;
			buildConfigurationList = 11F221DB22D3FB2F00F17E95 /* Build configuration list for PBXNativeTarget "fbu-instagramUITests" */;
			buildPhases = (
				4F5FE5CE3AC983159DD186C2 /* [CP] Check Pods Manifest.lock */,
				11F221C822D3FB2F00F17E95 /* Sources */,
				11F221C922D3FB2F00F17E95 /* Frameworks */,
				11F221CA22D3FB2F00F17E95 /* Resources */,
			);
			buildRules = (
			);
			dependencies = (
				11F221CE22D3FB2F00F17E95 /* PBXTargetDependency */,
			);
			name = "fbu-instagramUITests";
			productName = "fbu-instagramUITests";
			productReference = 11F221CC22D3FB2F00F17E95 /* fbu-instagramUITests.xctest */;
			productType = "com.apple.product-type.bundle.ui-testing";
		};
/* End PBXNativeTarget section */

/* Begin PBXProject section */
		11F221A122D3FB2E00F17E95 /* Project object */ = {
			isa = PBXProject;
			attributes = {
				LastUpgradeCheck = 1020;
				ORGANIZATIONNAME = panzaldo;
				TargetAttributes = {
					11F221A822D3FB2E00F17E95 = {
						CreatedOnToolsVersion = 10.2.1;
					};
					11F221C022D3FB2F00F17E95 = {
						CreatedOnToolsVersion = 10.2.1;
						TestTargetID = 11F221A822D3FB2E00F17E95;
					};
					11F221CB22D3FB2F00F17E95 = {
						CreatedOnToolsVersion = 10.2.1;
						TestTargetID = 11F221A822D3FB2E00F17E95;
					};
				};
			};
			buildConfigurationList = 11F221A422D3FB2E00F17E95 /* Build configuration list for PBXProject "fbu-instagram" */;
			compatibilityVersion = "Xcode 9.3";
			developmentRegion = en;
			hasScannedForEncodings = 0;
			knownRegions = (
				en,
				Base,
			);
			mainGroup = 11F221A022D3FB2E00F17E95;
			productRefGroup = 11F221AA22D3FB2E00F17E95 /* Products */;
			projectDirPath = "";
			projectRoot = "";
			targets = (
				11F221A822D3FB2E00F17E95 /* fbu-instagram */,
				11F221C022D3FB2F00F17E95 /* fbu-instagramTests */,
				11F221CB22D3FB2F00F17E95 /* fbu-instagramUITests */,
			);
		};
/* End PBXProject section */

/* Begin PBXResourcesBuildPhase section */
		11F221A722D3FB2E00F17E95 /* Resources */ = {
			isa = PBXResourcesBuildPhase;
			buildActionMask = 2147483647;
			files = (
				11F221B922D3FB2F00F17E95 /* LaunchScreen.storyboard in Resources */,
				1179DCC422D7AB5F004C277E /* FreigSanProBlk.otf in Resources */,
				1179DCC922D7AB5F004C277E /* FreigSanProBoldIt.otf in Resources */,
				11B7990F22D7DF07000B5E57 /* Billabong.ttf in Resources */,
				1179DCCC22D7AB5F004C277E /* FreigSanProLig.otf in Resources */,
				1179DCCA22D7AB5F004C277E /* FreigSanProBookIt.otf in Resources */,
				11F221B622D3FB2F00F17E95 /* Assets.xcassets in Resources */,
				1179DCC822D7AB5F004C277E /* FreigSanProBook.otf in Resources */,
				1179DCC722D7AB5F004C277E /* FreigSanProMed.otf in Resources */,
				1179DCC322D7AB5F004C277E /* FreigSanProSem.otf in Resources */,
				1179DCC522D7AB5F004C277E /* FreigSanProLigIt.otf in Resources */,
				1179DCC622D7AB5F004C277E /* FreigSanProSemIt.otf in Resources */,
				1179DCC222D7AB5F004C277E /* FreigSanProBold.otf in Resources */,
				1179DCC122D7AB5F004C277E /* FreigSanProMedIt.otf in Resources */,
				11F221B422D3FB2E00F17E95 /* Main.storyboard in Resources */,
				1179DCCB22D7AB5F004C277E /* FreigSanProBlkIt.otf in Resources */,
			);
			runOnlyForDeploymentPostprocessing = 0;
		};
		11F221BF22D3FB2F00F17E95 /* Resources */ = {
			isa = PBXResourcesBuildPhase;
			buildActionMask = 2147483647;
			files = (
			);
			runOnlyForDeploymentPostprocessing = 0;
		};
		11F221CA22D3FB2F00F17E95 /* Resources */ = {
			isa = PBXResourcesBuildPhase;
			buildActionMask = 2147483647;
			files = (
			);
			runOnlyForDeploymentPostprocessing = 0;
		};
/* End PBXResourcesBuildPhase section */

/* Begin PBXShellScriptBuildPhase section */
		3A34629BD6839A3AE999C05C /* [CP] Check Pods Manifest.lock */ = {
			isa = PBXShellScriptBuildPhase;
			buildActionMask = 2147483647;
			files = (
			);
			inputFileListPaths = (
			);
			inputPaths = (
				"${PODS_PODFILE_DIR_PATH}/Podfile.lock",
				"${PODS_ROOT}/Manifest.lock",
			);
			name = "[CP] Check Pods Manifest.lock";
			outputFileListPaths = (
			);
			outputPaths = (
				"$(DERIVED_FILE_DIR)/Pods-fbu-instagram-checkManifestLockResult.txt",
			);
			runOnlyForDeploymentPostprocessing = 0;
			shellPath = /bin/sh;
			shellScript = "diff \"${PODS_PODFILE_DIR_PATH}/Podfile.lock\" \"${PODS_ROOT}/Manifest.lock\" > /dev/null\nif [ $? != 0 ] ; then\n    # print error to STDERR\n    echo \"error: The sandbox is not in sync with the Podfile.lock. Run 'pod install' or update your CocoaPods installation.\" >&2\n    exit 1\nfi\n# This output is used by Xcode 'outputs' to avoid re-running this script phase.\necho \"SUCCESS\" > \"${SCRIPT_OUTPUT_FILE_0}\"\n";
			showEnvVarsInLog = 0;
		};
		49F09BD9B4F0F7A86D1E7842 /* [CP] Check Pods Manifest.lock */ = {
			isa = PBXShellScriptBuildPhase;
			buildActionMask = 2147483647;
			files = (
			);
			inputFileListPaths = (
			);
			inputPaths = (
				"${PODS_PODFILE_DIR_PATH}/Podfile.lock",
				"${PODS_ROOT}/Manifest.lock",
			);
			name = "[CP] Check Pods Manifest.lock";
			outputFileListPaths = (
			);
			outputPaths = (
				"$(DERIVED_FILE_DIR)/Pods-fbu-instagramTests-checkManifestLockResult.txt",
			);
			runOnlyForDeploymentPostprocessing = 0;
			shellPath = /bin/sh;
			shellScript = "diff \"${PODS_PODFILE_DIR_PATH}/Podfile.lock\" \"${PODS_ROOT}/Manifest.lock\" > /dev/null\nif [ $? != 0 ] ; then\n    # print error to STDERR\n    echo \"error: The sandbox is not in sync with the Podfile.lock. Run 'pod install' or update your CocoaPods installation.\" >&2\n    exit 1\nfi\n# This output is used by Xcode 'outputs' to avoid re-running this script phase.\necho \"SUCCESS\" > \"${SCRIPT_OUTPUT_FILE_0}\"\n";
			showEnvVarsInLog = 0;
		};
		4F5FE5CE3AC983159DD186C2 /* [CP] Check Pods Manifest.lock */ = {
			isa = PBXShellScriptBuildPhase;
			buildActionMask = 2147483647;
			files = (
			);
			inputFileListPaths = (
			);
			inputPaths = (
				"${PODS_PODFILE_DIR_PATH}/Podfile.lock",
				"${PODS_ROOT}/Manifest.lock",
			);
			name = "[CP] Check Pods Manifest.lock";
			outputFileListPaths = (
			);
			outputPaths = (
				"$(DERIVED_FILE_DIR)/Pods-fbu-instagramUITests-checkManifestLockResult.txt",
			);
			runOnlyForDeploymentPostprocessing = 0;
			shellPath = /bin/sh;
			shellScript = "diff \"${PODS_PODFILE_DIR_PATH}/Podfile.lock\" \"${PODS_ROOT}/Manifest.lock\" > /dev/null\nif [ $? != 0 ] ; then\n    # print error to STDERR\n    echo \"error: The sandbox is not in sync with the Podfile.lock. Run 'pod install' or update your CocoaPods installation.\" >&2\n    exit 1\nfi\n# This output is used by Xcode 'outputs' to avoid re-running this script phase.\necho \"SUCCESS\" > \"${SCRIPT_OUTPUT_FILE_0}\"\n";
			showEnvVarsInLog = 0;
		};
		FAC20057F648A61DF3D29C5C /* [CP] Embed Pods Frameworks */ = {
			isa = PBXShellScriptBuildPhase;
			buildActionMask = 2147483647;
			files = (
			);
			inputFileListPaths = (
				"${PODS_ROOT}/Target Support Files/Pods-fbu-instagram/Pods-fbu-instagram-frameworks-${CONFIGURATION}-input-files.xcfilelist",
			);
			name = "[CP] Embed Pods Frameworks";
			outputFileListPaths = (
				"${PODS_ROOT}/Target Support Files/Pods-fbu-instagram/Pods-fbu-instagram-frameworks-${CONFIGURATION}-output-files.xcfilelist",
			);
			runOnlyForDeploymentPostprocessing = 0;
			shellPath = /bin/sh;
			shellScript = "\"${PODS_ROOT}/Target Support Files/Pods-fbu-instagram/Pods-fbu-instagram-frameworks.sh\"\n";
			showEnvVarsInLog = 0;
		};
/* End PBXShellScriptBuildPhase section */

/* Begin PBXSourcesBuildPhase section */
		11F221A522D3FB2E00F17E95 /* Sources */ = {
			isa = PBXSourcesBuildPhase;
			buildActionMask = 2147483647;
			files = (
				11F221E822D4187300F17E95 /* RegisterViewController.m in Sources */,
				11F221E022D40DFF00F17E95 /* LoginViewController.m in Sources */,
				11B7991822D80F71000B5E57 /* ChangeProfilePicViewController.m in Sources */,
				11B7991522D7E7C0000B5E57 /* PostCollectionCell.m in Sources */,
				11F221BC22D3FB2F00F17E95 /* main.m in Sources */,
				1179DCB322D6A80B004C277E /* PostCell.m in Sources */,
				11B7991222D7E5C6000B5E57 /* ProfileViewController.m in Sources */,
				11F221AE22D3FB2E00F17E95 /* AppDelegate.m in Sources */,
				11F221E522D4132700F17E95 /* HomeViewController.m in Sources */,
				11B7990E22D7BBF7000B5E57 /* DetailsViewController.m in Sources */,
				11F221EB22D55E5800F17E95 /* CaptureViewController.m in Sources */,
				1179DCAF22D6A709004C277E /* Post.m in Sources */,
			);
			runOnlyForDeploymentPostprocessing = 0;
		};
		11F221BD22D3FB2F00F17E95 /* Sources */ = {
			isa = PBXSourcesBuildPhase;
			buildActionMask = 2147483647;
			files = (
				11F221C622D3FB2F00F17E95 /* fbu_instagramTests.m in Sources */,
			);
			runOnlyForDeploymentPostprocessing = 0;
		};
		11F221C822D3FB2F00F17E95 /* Sources */ = {
			isa = PBXSourcesBuildPhase;
			buildActionMask = 2147483647;
			files = (
				11F221D122D3FB2F00F17E95 /* fbu_instagramUITests.m in Sources */,
			);
			runOnlyForDeploymentPostprocessing = 0;
		};
/* End PBXSourcesBuildPhase section */

/* Begin PBXTargetDependency section */
		11F221C322D3FB2F00F17E95 /* PBXTargetDependency */ = {
			isa = PBXTargetDependency;
			target = 11F221A822D3FB2E00F17E95 /* fbu-instagram */;
			targetProxy = 11F221C222D3FB2F00F17E95 /* PBXContainerItemProxy */;
		};
		11F221CE22D3FB2F00F17E95 /* PBXTargetDependency */ = {
			isa = PBXTargetDependency;
			target = 11F221A822D3FB2E00F17E95 /* fbu-instagram */;
			targetProxy = 11F221CD22D3FB2F00F17E95 /* PBXContainerItemProxy */;
		};
/* End PBXTargetDependency section */

/* Begin PBXVariantGroup section */
		11F221B222D3FB2E00F17E95 /* Main.storyboard */ = {
			isa = PBXVariantGroup;
			children = (
				11F221B322D3FB2E00F17E95 /* Base */,
			);
			name = Main.storyboard;
			sourceTree = "<group>";
		};
		11F221B722D3FB2F00F17E95 /* LaunchScreen.storyboard */ = {
			isa = PBXVariantGroup;
			children = (
				11F221B822D3FB2F00F17E95 /* Base */,
			);
			name = LaunchScreen.storyboard;
			sourceTree = "<group>";
		};
/* End PBXVariantGroup section */

/* Begin XCBuildConfiguration section */
		11F221D322D3FB2F00F17E95 /* Debug */ = {
			isa = XCBuildConfiguration;
			buildSettings = {
				ALWAYS_SEARCH_USER_PATHS = NO;
				CLANG_ANALYZER_NONNULL = YES;
				CLANG_ANALYZER_NUMBER_OBJECT_CONVERSION = YES_AGGRESSIVE;
				CLANG_CXX_LANGUAGE_STANDARD = "gnu++14";
				CLANG_CXX_LIBRARY = "libc++";
				CLANG_ENABLE_MODULES = YES;
				CLANG_ENABLE_OBJC_ARC = YES;
				CLANG_ENABLE_OBJC_WEAK = YES;
				CLANG_WARN_BLOCK_CAPTURE_AUTORELEASING = YES;
				CLANG_WARN_BOOL_CONVERSION = YES;
				CLANG_WARN_COMMA = YES;
				CLANG_WARN_CONSTANT_CONVERSION = YES;
				CLANG_WARN_DEPRECATED_OBJC_IMPLEMENTATIONS = YES;
				CLANG_WARN_DIRECT_OBJC_ISA_USAGE = YES_ERROR;
				CLANG_WARN_DOCUMENTATION_COMMENTS = YES;
				CLANG_WARN_EMPTY_BODY = YES;
				CLANG_WARN_ENUM_CONVERSION = YES;
				CLANG_WARN_INFINITE_RECURSION = YES;
				CLANG_WARN_INT_CONVERSION = YES;
				CLANG_WARN_NON_LITERAL_NULL_CONVERSION = YES;
				CLANG_WARN_OBJC_IMPLICIT_RETAIN_SELF = YES;
				CLANG_WARN_OBJC_LITERAL_CONVERSION = YES;
				CLANG_WARN_OBJC_ROOT_CLASS = YES_ERROR;
				CLANG_WARN_RANGE_LOOP_ANALYSIS = YES;
				CLANG_WARN_STRICT_PROTOTYPES = YES;
				CLANG_WARN_SUSPICIOUS_MOVE = YES;
				CLANG_WARN_UNGUARDED_AVAILABILITY = YES_AGGRESSIVE;
				CLANG_WARN_UNREACHABLE_CODE = YES;
				CLANG_WARN__DUPLICATE_METHOD_MATCH = YES;
				CODE_SIGN_IDENTITY = "iPhone Developer";
				COPY_PHASE_STRIP = NO;
				DEBUG_INFORMATION_FORMAT = dwarf;
				ENABLE_STRICT_OBJC_MSGSEND = YES;
				ENABLE_TESTABILITY = YES;
				GCC_C_LANGUAGE_STANDARD = gnu11;
				GCC_DYNAMIC_NO_PIC = NO;
				GCC_NO_COMMON_BLOCKS = YES;
				GCC_OPTIMIZATION_LEVEL = 0;
				GCC_PREPROCESSOR_DEFINITIONS = (
					"DEBUG=1",
					"$(inherited)",
				);
				GCC_WARN_64_TO_32_BIT_CONVERSION = YES;
				GCC_WARN_ABOUT_RETURN_TYPE = YES_ERROR;
				GCC_WARN_UNDECLARED_SELECTOR = YES;
				GCC_WARN_UNINITIALIZED_AUTOS = YES_AGGRESSIVE;
				GCC_WARN_UNUSED_FUNCTION = YES;
				GCC_WARN_UNUSED_VARIABLE = YES;
				IPHONEOS_DEPLOYMENT_TARGET = 12.2;
				MTL_ENABLE_DEBUG_INFO = INCLUDE_SOURCE;
				MTL_FAST_MATH = YES;
				ONLY_ACTIVE_ARCH = YES;
				SDKROOT = iphoneos;
			};
			name = Debug;
		};
		11F221D422D3FB2F00F17E95 /* Release */ = {
			isa = XCBuildConfiguration;
			buildSettings = {
				ALWAYS_SEARCH_USER_PATHS = NO;
				CLANG_ANALYZER_NONNULL = YES;
				CLANG_ANALYZER_NUMBER_OBJECT_CONVERSION = YES_AGGRESSIVE;
				CLANG_CXX_LANGUAGE_STANDARD = "gnu++14";
				CLANG_CXX_LIBRARY = "libc++";
				CLANG_ENABLE_MODULES = YES;
				CLANG_ENABLE_OBJC_ARC = YES;
				CLANG_ENABLE_OBJC_WEAK = YES;
				CLANG_WARN_BLOCK_CAPTURE_AUTORELEASING = YES;
				CLANG_WARN_BOOL_CONVERSION = YES;
				CLANG_WARN_COMMA = YES;
				CLANG_WARN_CONSTANT_CONVERSION = YES;
				CLANG_WARN_DEPRECATED_OBJC_IMPLEMENTATIONS = YES;
				CLANG_WARN_DIRECT_OBJC_ISA_USAGE = YES_ERROR;
				CLANG_WARN_DOCUMENTATION_COMMENTS = YES;
				CLANG_WARN_EMPTY_BODY = YES;
				CLANG_WARN_ENUM_CONVERSION = YES;
				CLANG_WARN_INFINITE_RECURSION = YES;
				CLANG_WARN_INT_CONVERSION = YES;
				CLANG_WARN_NON_LITERAL_NULL_CONVERSION = YES;
				CLANG_WARN_OBJC_IMPLICIT_RETAIN_SELF = YES;
				CLANG_WARN_OBJC_LITERAL_CONVERSION = YES;
				CLANG_WARN_OBJC_ROOT_CLASS = YES_ERROR;
				CLANG_WARN_RANGE_LOOP_ANALYSIS = YES;
				CLANG_WARN_STRICT_PROTOTYPES = YES;
				CLANG_WARN_SUSPICIOUS_MOVE = YES;
				CLANG_WARN_UNGUARDED_AVAILABILITY = YES_AGGRESSIVE;
				CLANG_WARN_UNREACHABLE_CODE = YES;
				CLANG_WARN__DUPLICATE_METHOD_MATCH = YES;
				CODE_SIGN_IDENTITY = "iPhone Developer";
				COPY_PHASE_STRIP = NO;
				DEBUG_INFORMATION_FORMAT = "dwarf-with-dsym";
				ENABLE_NS_ASSERTIONS = NO;
				ENABLE_STRICT_OBJC_MSGSEND = YES;
				GCC_C_LANGUAGE_STANDARD = gnu11;
				GCC_NO_COMMON_BLOCKS = YES;
				GCC_WARN_64_TO_32_BIT_CONVERSION = YES;
				GCC_WARN_ABOUT_RETURN_TYPE = YES_ERROR;
				GCC_WARN_UNDECLARED_SELECTOR = YES;
				GCC_WARN_UNINITIALIZED_AUTOS = YES_AGGRESSIVE;
				GCC_WARN_UNUSED_FUNCTION = YES;
				GCC_WARN_UNUSED_VARIABLE = YES;
				IPHONEOS_DEPLOYMENT_TARGET = 12.2;
				MTL_ENABLE_DEBUG_INFO = NO;
				MTL_FAST_MATH = YES;
				SDKROOT = iphoneos;
				VALIDATE_PRODUCT = YES;
			};
			name = Release;
		};
		11F221D622D3FB2F00F17E95 /* Debug */ = {
			isa = XCBuildConfiguration;
			baseConfigurationReference = E80FAD0F1BD4ACD5E605F011 /* Pods-fbu-instagram.debug.xcconfig */;
			buildSettings = {
				ASSETCATALOG_COMPILER_APPICON_NAME = AppIcon;
				CODE_SIGN_STYLE = Automatic;
				DEVELOPMENT_TEAM = S7FF4JGN27;
				INFOPLIST_FILE = "fbu-instagram/Info.plist";
				LD_RUNPATH_SEARCH_PATHS = (
					"$(inherited)",
					"@executable_path/Frameworks",
				);
				PRODUCT_BUNDLE_IDENTIFIER = "com.pauanzaldo.fbu-instagram";
				PRODUCT_NAME = "$(TARGET_NAME)";
				TARGETED_DEVICE_FAMILY = "1,2";
			};
			name = Debug;
		};
		11F221D722D3FB2F00F17E95 /* Release */ = {
			isa = XCBuildConfiguration;
			baseConfigurationReference = AA2C2586DAAFDFBEA6F6EB53 /* Pods-fbu-instagram.release.xcconfig */;
			buildSettings = {
				ASSETCATALOG_COMPILER_APPICON_NAME = AppIcon;
				CODE_SIGN_STYLE = Automatic;
				DEVELOPMENT_TEAM = S7FF4JGN27;
				INFOPLIST_FILE = "fbu-instagram/Info.plist";
				LD_RUNPATH_SEARCH_PATHS = (
					"$(inherited)",
					"@executable_path/Frameworks",
				);
				PRODUCT_BUNDLE_IDENTIFIER = "com.pauanzaldo.fbu-instagram";
				PRODUCT_NAME = "$(TARGET_NAME)";
				TARGETED_DEVICE_FAMILY = "1,2";
			};
			name = Release;
		};
		11F221D922D3FB2F00F17E95 /* Debug */ = {
			isa = XCBuildConfiguration;
			baseConfigurationReference = 8442D36C1966ACDD23A24280 /* Pods-fbu-instagramTests.debug.xcconfig */;
			buildSettings = {
				BUNDLE_LOADER = "$(TEST_HOST)";
				CODE_SIGN_STYLE = Automatic;
				DEVELOPMENT_TEAM = S7FF4JGN27;
				INFOPLIST_FILE = "fbu-instagramTests/Info.plist";
				LD_RUNPATH_SEARCH_PATHS = (
					"$(inherited)",
					"@executable_path/Frameworks",
					"@loader_path/Frameworks",
				);
				PRODUCT_BUNDLE_IDENTIFIER = "com.pauanzaldo.fbu-instagramTests";
				PRODUCT_NAME = "$(TARGET_NAME)";
				TARGETED_DEVICE_FAMILY = "1,2";
				TEST_HOST = "$(BUILT_PRODUCTS_DIR)/fbu-instagram.app/fbu-instagram";
			};
			name = Debug;
		};
		11F221DA22D3FB2F00F17E95 /* Release */ = {
			isa = XCBuildConfiguration;
			baseConfigurationReference = ADFEE6583633593815A60516 /* Pods-fbu-instagramTests.release.xcconfig */;
			buildSettings = {
				BUNDLE_LOADER = "$(TEST_HOST)";
				CODE_SIGN_STYLE = Automatic;
				DEVELOPMENT_TEAM = S7FF4JGN27;
				INFOPLIST_FILE = "fbu-instagramTests/Info.plist";
				LD_RUNPATH_SEARCH_PATHS = (
					"$(inherited)",
					"@executable_path/Frameworks",
					"@loader_path/Frameworks",
				);
				PRODUCT_BUNDLE_IDENTIFIER = "com.pauanzaldo.fbu-instagramTests";
				PRODUCT_NAME = "$(TARGET_NAME)";
				TARGETED_DEVICE_FAMILY = "1,2";
				TEST_HOST = "$(BUILT_PRODUCTS_DIR)/fbu-instagram.app/fbu-instagram";
			};
			name = Release;
		};
		11F221DC22D3FB2F00F17E95 /* Debug */ = {
			isa = XCBuildConfiguration;
			baseConfigurationReference = FA628ADF7FA385B1DC83C30E /* Pods-fbu-instagramUITests.debug.xcconfig */;
			buildSettings = {
				CODE_SIGN_STYLE = Automatic;
				DEVELOPMENT_TEAM = S7FF4JGN27;
				INFOPLIST_FILE = "fbu-instagramUITests/Info.plist";
				LD_RUNPATH_SEARCH_PATHS = (
					"$(inherited)",
					"@executable_path/Frameworks",
					"@loader_path/Frameworks",
				);
				PRODUCT_BUNDLE_IDENTIFIER = "com.pauanzaldo.fbu-instagramUITests";
				PRODUCT_NAME = "$(TARGET_NAME)";
				TARGETED_DEVICE_FAMILY = "1,2";
				TEST_TARGET_NAME = "fbu-instagram";
			};
			name = Debug;
		};
		11F221DD22D3FB2F00F17E95 /* Release */ = {
			isa = XCBuildConfiguration;
			baseConfigurationReference = 2D97A11F10A8CF193E6B5F20 /* Pods-fbu-instagramUITests.release.xcconfig */;
			buildSettings = {
				CODE_SIGN_STYLE = Automatic;
				DEVELOPMENT_TEAM = S7FF4JGN27;
				INFOPLIST_FILE = "fbu-instagramUITests/Info.plist";
				LD_RUNPATH_SEARCH_PATHS = (
					"$(inherited)",
					"@executable_path/Frameworks",
					"@loader_path/Frameworks",
				);
				PRODUCT_BUNDLE_IDENTIFIER = "com.pauanzaldo.fbu-instagramUITests";
				PRODUCT_NAME = "$(TARGET_NAME)";
				TARGETED_DEVICE_FAMILY = "1,2";
				TEST_TARGET_NAME = "fbu-instagram";
			};
			name = Release;
		};
/* End XCBuildConfiguration section */

/* Begin XCConfigurationList section */
		11F221A422D3FB2E00F17E95 /* Build configuration list for PBXProject "fbu-instagram" */ = {
			isa = XCConfigurationList;
			buildConfigurations = (
				11F221D322D3FB2F00F17E95 /* Debug */,
				11F221D422D3FB2F00F17E95 /* Release */,
			);
			defaultConfigurationIsVisible = 0;
			defaultConfigurationName = Release;
		};
		11F221D522D3FB2F00F17E95 /* Build configuration list for PBXNativeTarget "fbu-instagram" */ = {
			isa = XCConfigurationList;
			buildConfigurations = (
				11F221D622D3FB2F00F17E95 /* Debug */,
				11F221D722D3FB2F00F17E95 /* Release */,
			);
			defaultConfigurationIsVisible = 0;
			defaultConfigurationName = Release;
		};
		11F221D822D3FB2F00F17E95 /* Build configuration list for PBXNativeTarget "fbu-instagramTests" */ = {
			isa = XCConfigurationList;
			buildConfigurations = (
				11F221D922D3FB2F00F17E95 /* Debug */,
				11F221DA22D3FB2F00F17E95 /* Release */,
			);
			defaultConfigurationIsVisible = 0;
			defaultConfigurationName = Release;
		};
		11F221DB22D3FB2F00F17E95 /* Build configuration list for PBXNativeTarget "fbu-instagramUITests" */ = {
			isa = XCConfigurationList;
			buildConfigurations = (
				11F221DC22D3FB2F00F17E95 /* Debug */,
				11F221DD22D3FB2F00F17E95 /* Release */,
			);
			defaultConfigurationIsVisible = 0;
			defaultConfigurationName = Release;
		};
/* End XCConfigurationList section */
	};
	rootObject = 11F221A122D3FB2E00F17E95 /* Project object */;
}
